
Microsoft Visual Studio Solution File, Format Version 12.00
# Visual Studio Version 16
VisualStudioVersion = 16.0.29319.158
MinimumVisualStudioVersion = 10.0.40219.1
Project("{9A19103F-16F7-4668-BE54-9A1E7A4F7556}") = "Core", "Core\Core.csproj", "{62FF9CAD-B333-4AB4-A670-02E6DA5004E0}"
EndProject
Project("{FAE04EC0-301F-11D3-BF4B-00C04F79EFBC}") = "Test", "Test\Test.csproj", "{9F863764-4820-4DBD-9973-42D8D6400159}"
EndProject
Project("{9A19103F-16F7-4668-BE54-9A1E7A4F7556}") = "Api", "Api\Api.csproj", "{E3F5F948-237F-4D60-8AD3-6D436C5AD46E}"
EndProject
Global
	GlobalSection(SolutionConfigurationPlatforms) = preSolution
		Debug|Any CPU = Debug|Any CPU
		Release|Any CPU = Release|Any CPU
	EndGlobalSection
	GlobalSection(ProjectConfigurationPlatforms) = postSolution
		{62FF9CAD-B333-4AB4-A670-02E6DA5004E0}.Debug|Any CPU.ActiveCfg = Debug|Any CPU
		{62FF9CAD-B333-4AB4-A670-02E6DA5004E0}.Debug|Any CPU.Build.0 = Debug|Any CPU
		{62FF9CAD-B333-4AB4-A670-02E6DA5004E0}.Release|Any CPU.ActiveCfg = Release|Any CPU
		{62FF9CAD-B333-4AB4-A670-02E6DA5004E0}.Release|Any CPU.Build.0 = Release|Any CPU
		{9F863764-4820-4DBD-9973-42D8D6400159}.Debug|Any CPU.ActiveCfg = Debug|Any CPU
		{9F863764-4820-4DBD-9973-42D8D6400159}.Debug|Any CPU.Build.0 = Debug|Any CPU
		{9F863764-4820-4DBD-9973-42D8D6400159}.Release|Any CPU.ActiveCfg = Release|Any CPU
		{9F863764-4820-4DBD-9973-42D8D6400159}.Release|Any CPU.Build.0 = Release|Any CPU
		{E3F5F948-237F-4D60-8AD3-6D436C5AD46E}.Debug|Any CPU.ActiveCfg = Debug|Any CPU
		{E3F5F948-237F-4D60-8AD3-6D436C5AD46E}.Debug|Any CPU.Build.0 = Debug|Any CPU
		{E3F5F948-237F-4D60-8AD3-6D436C5AD46E}.Release|Any CPU.ActiveCfg = Release|Any CPU
		{E3F5F948-237F-4D60-8AD3-6D436C5AD46E}.Release|Any CPU.Build.0 = Release|Any CPU
	EndGlobalSection
	GlobalSection(SolutionProperties) = preSolution
		HideSolutionNode = FALSE
	EndGlobalSection
	GlobalSection(ExtensibilityGlobals) = postSolution
		SolutionGuid = {03428F7B-EB8A-44D2-BD86-A51BC838AE2A}
	EndGlobalSection
EndGlobal
